<?xml version="1.0" encoding="utf-8"?>
<Project ToolsVersion="4.0" xmlns="http://schemas.microsoft.com/developer/msbuild/2003">
  <ItemGroup>
    <Filter Include="Source Files">
      <UniqueIdentifier>{4FC737F1-C7A5-4376-A066-2A32D752A2FF}</UniqueIdentifier>
      <Extensions>cpp;c;cc;cxx;def;odl;idl;hpj;bat;asm;asmx</Extensions>
    </Filter>
    <Filter Include="Header Files">
      <UniqueIdentifier>{93995380-89BD-4b04-88EB-625FBE52EBFB}</UniqueIdentifier>
      <Extensions>h;hh;hpp;hxx;hm;inl;inc;ipp;xsd</Extensions>
    </Filter>
    <Filter Include="Resource Files">
      <UniqueIdentifier>{67DA6AB6-F800-4c08-8B7A-83BB121AAD01}</UniqueIdentifier>
      <Extensions>rc;ico;cur;bmp;dlg;rc2;rct;bin;rgs;gif;jpg;jpeg;jpe;resx;tiff;tif;png;wav;mfcribbon-ms</Extensions>
    </Filter>
    <Filter Include="Source Files\trackers">
      <UniqueIdentifier>{9afd177f-755c-441a-a252-f46318ceebca}</UniqueIdentifier>
    </Filter>
    <Filter Include="Header Files\trackers">
      <UniqueIdentifier>{6cf37d9d-9316-4325-8963-a971d293b2b0}</UniqueIdentifier>
    </Filter>
  </ItemGroup>
  <ItemGroup>
    <ClInclude Include="resource.h">
      <Filter>Resource Files</Filter>
    </ClInclude>
    <ClInclude Include="include\HikerCam.h">
      <Filter>Header Files</Filter>
    </ClInclude>
    <ClInclude Include="include\PeopleCounter.h">
      <Filter>Header Files</Filter>
    </ClInclude>
    <ClInclude Include="include\trackers\Centroid.h">
      <Filter>Header Files\trackers</Filter>
    </ClInclude>
    <ClInclude Include="include\trackers\Kalman.h">
      <Filter>Header Files\trackers</Filter>
    </ClInclude>
    <ClInclude Include="include\trackers\StateCentroid.h">
      <Filter>Header Files\trackers</Filter>
    </ClInclude>
    <ClInclude Include="include\trackers\Tracker.h">
      <Filter>Header Files\trackers</Filter>
    </ClInclude>
  </ItemGroup>
  <ItemGroup>
    <ClCompile Include="src\main.cpp">
      <Filter>Source Files</Filter>
    </ClCompile>
    <ClCompile Include="src\HikerCam.cpp">
      <Filter>Source Files</Filter>
    </ClCompile>
    <ClCompile Include="src\trackers\Centroid.cpp">
      <Filter>Source Files\trackers</Filter>
    </ClCompile>
    <ClCompile Include="src\trackers\Kalman.cpp">
      <Filter>Source Files\trackers</Filter>
    </ClCompile>
    <ClCompile Include="src\trackers\StateCentroid.cpp">
      <Filter>Source Files\trackers</Filter>
    </ClCompile>
  </ItemGroup>
</Project>